
Microsoft Visual Studio Solution File, Format Version 12.00
# Visual Studio Version 17
VisualStudioVersion = 17.13.35829.175
MinimumVisualStudioVersion = 10.0.40219.1
Project("{9A19103F-16F7-4668-BE54-9A1E7A4F7556}") = "FluentGallery", "FluentGallery\FluentGallery.csproj", "{A1B2C3D4-E5F6-7890-ABCD-EF1234567890}"
EndProject
Project("{9A19103F-16F7-4668-BE54-9A1E7A4F7556}") = "FluentGallery.Tests", "FluentGallery.Tests\FluentGallery.Tests.csproj", "{B2C3D4E5-F6A7-8901-BCDE-F12345678901}"
EndProject
Project("{2150E333-8FDC-42A3-9474-1A3956D46DE8}") = "tools", "tools", "{07C2787E-EAC7-C090-1BA3-A61EC2A24D84}"
EndProject
Project("{FAE04EC0-301F-11D3-BF4B-00C04F79EFBC}") = "ThumbnailDiag", "tools\ThumbnailDiag\ThumbnailDiag.csproj", "{4C3E6E71-ECD4-48FF-A017-FBAACDB1A1E7}"
EndProject
Global
	GlobalSection(SolutionConfigurationPlatforms) = preSolution
		Debug|Any CPU = Debug|Any CPU
		Debug|ARM64 = Debug|ARM64
		Debug|x64 = Debug|x64
		Debug|x86 = Debug|x86
		Release|Any CPU = Release|Any CPU
		Release|ARM64 = Release|ARM64
		Release|x64 = Release|x64
		Release|x86 = Release|x86
	EndGlobalSection
	GlobalSection(ProjectConfigurationPlatforms) = postSolution
		{A1B2C3D4-E5F6-7890-ABCD-EF1234567890}.Debug|Any CPU.ActiveCfg = Debug|Any CPU
		{A1B2C3D4-E5F6-7890-ABCD-EF1234567890}.Debug|Any CPU.Build.0 = Debug|Any CPU
		{A1B2C3D4-E5F6-7890-ABCD-EF1234567890}.Debug|ARM64.ActiveCfg = Debug|ARM64
		{A1B2C3D4-E5F6-7890-ABCD-EF1234567890}.Debug|ARM64.Build.0 = Debug|ARM64
		{A1B2C3D4-E5F6-7890-ABCD-EF1234567890}.Debug|x64.ActiveCfg = Debug|x64
		{A1B2C3D4-E5F6-7890-ABCD-EF1234567890}.Debug|x64.Build.0 = Debug|x64
		{A1B2C3D4-E5F6-7890-ABCD-EF1234567890}.Debug|x86.ActiveCfg = Debug|x86
		{A1B2C3D4-E5F6-7890-ABCD-EF1234567890}.Debug|x86.Build.0 = Debug|x86
		{A1B2C3D4-E5F6-7890-ABCD-EF1234567890}.Release|Any CPU.ActiveCfg = Release|Any CPU
		{A1B2C3D4-E5F6-7890-ABCD-EF1234567890}.Release|Any CPU.Build.0 = Release|Any CPU
		{A1B2C3D4-E5F6-7890-ABCD-EF1234567890}.Release|ARM64.ActiveCfg = Release|ARM64
		{A1B2C3D4-E5F6-7890-ABCD-EF1234567890}.Release|ARM64.Build.0 = Release|ARM64
		{A1B2C3D4-E5F6-7890-ABCD-EF1234567890}.Release|x64.ActiveCfg = Release|x64
		{A1B2C3D4-E5F6-7890-ABCD-EF1234567890}.Release|x64.Build.0 = Release|x64
		{A1B2C3D4-E5F6-7890-ABCD-EF1234567890}.Release|x86.ActiveCfg = Release|x86
		{A1B2C3D4-E5F6-7890-ABCD-EF1234567890}.Release|x86.Build.0 = Release|x86
		{B2C3D4E5-F6A7-8901-BCDE-F12345678901}.Debug|Any CPU.ActiveCfg = Debug|Any CPU
		{B2C3D4E5-F6A7-8901-BCDE-F12345678901}.Debug|Any CPU.Build.0 = Debug|Any CPU
		{B2C3D4E5-F6A7-8901-BCDE-F12345678901}.Debug|ARM64.ActiveCfg = Debug|ARM64
		{B2C3D4E5-F6A7-8901-BCDE-F12345678901}.Debug|ARM64.Build.0 = Debug|ARM64
		{B2C3D4E5-F6A7-8901-BCDE-F12345678901}.Debug|x64.ActiveCfg = Debug|x64
		{B2C3D4E5-F6A7-8901-BCDE-F12345678901}.Debug|x64.Build.0 = Debug|x64
		{B2C3D4E5-F6A7-8901-BCDE-F12345678901}.Debug|x86.ActiveCfg = Debug|x86
		{B2C3D4E5-F6A7-8901-BCDE-F12345678901}.Debug|x86.Build.0 = Debug|x86
		{B2C3D4E5-F6A7-8901-BCDE-F12345678901}.Release|Any CPU.ActiveCfg = Release|Any CPU
		{B2C3D4E5-F6A7-8901-BCDE-F12345678901}.Release|Any CPU.Build.0 = Release|Any CPU
		{B2C3D4E5-F6A7-8901-BCDE-F12345678901}.Release|ARM64.ActiveCfg = Release|ARM64
		{B2C3D4E5-F6A7-8901-BCDE-F12345678901}.Release|ARM64.Build.0 = Release|ARM64
		{B2C3D4E5-F6A7-8901-BCDE-F12345678901}.Release|x64.ActiveCfg = Release|x64
		{B2C3D4E5-F6A7-8901-BCDE-F12345678901}.Release|x64.Build.0 = Release|x64
		{B2C3D4E5-F6A7-8901-BCDE-F12345678901}.Release|x86.ActiveCfg = Release|x86
		{B2C3D4E5-F6A7-8901-BCDE-F12345678901}.Release|x86.Build.0 = Release|x86
		{4C3E6E71-ECD4-48FF-A017-FBAACDB1A1E7}.Debug|Any CPU.ActiveCfg = Debug|Any CPU
		{4C3E6E71-ECD4-48FF-A017-FBAACDB1A1E7}.Debug|Any CPU.Build.0 = Debug|Any CPU
		{4C3E6E71-ECD4-48FF-A017-FBAACDB1A1E7}.Debug|ARM64.ActiveCfg = Debug|Any CPU
		{4C3E6E71-ECD4-48FF-A017-FBAACDB1A1E7}.Debug|ARM64.Build.0 = Debug|Any CPU
		{4C3E6E71-ECD4-48FF-A017-FBAACDB1A1E7}.Debug|x64.ActiveCfg = Debug|Any CPU
		{4C3E6E71-ECD4-48FF-A017-FBAACDB1A1E7}.Debug|x64.Build.0 = Debug|Any CPU
		{4C3E6E71-ECD4-48FF-A017-FBAACDB1A1E7}.Debug|x86.ActiveCfg = Debug|Any CPU
		{4C3E6E71-ECD4-48FF-A017-FBAACDB1A1E7}.Debug|x86.Build.0 = Debug|Any CPU
		{4C3E6E71-ECD4-48FF-A017-FBAACDB1A1E7}.Release|Any CPU.ActiveCfg = Release|Any CPU
		{4C3E6E71-ECD4-48FF-A017-FBAACDB1A1E7}.Release|Any CPU.Build.0 = Release|Any CPU
		{4C3E6E71-ECD4-48FF-A017-FBAACDB1A1E7}.Release|ARM64.ActiveCfg = Release|Any CPU
		{4C3E6E71-ECD4-48FF-A017-FBAACDB1A1E7}.Release|ARM64.Build.0 = Release|Any CPU
		{4C3E6E71-ECD4-48FF-A017-FBAACDB1A1E7}.Release|x64.ActiveCfg = Release|Any CPU
		{4C3E6E71-ECD4-48FF-A017-FBAACDB1A1E7}.Release|x64.Build.0 = Release|Any CPU
		{4C3E6E71-ECD4-48FF-A017-FBAACDB1A1E7}.Release|x86.ActiveCfg = Release|Any CPU
		{4C3E6E71-ECD4-48FF-A017-FBAACDB1A1E7}.Release|x86.Build.0 = Release|Any CPU
	EndGlobalSection
	GlobalSection(SolutionProperties) = preSolution
		HideSolutionNode = FALSE
	EndGlobalSection
	GlobalSection(NestedProjects) = preSolution
		{4C3E6E71-ECD4-48FF-A017-FBAACDB1A1E7} = {07C2787E-EAC7-C090-1BA3-A61EC2A24D84}
	EndGlobalSection
	GlobalSection(ExtensibilityGlobals) = postSolution
		SolutionGuid = {B36ADD01-E649-42B3-8658-F89A0B58E6F1}
	EndGlobalSection
EndGlobal
